// !$*UTF8*$!
{
	archiveVersion = 1;
	classes = {
	};
	objectVersion = 50;
	objects = {

/* Begin PBXBuildFile section */
		1CD6E7EB26F8004F003169B1 /* AppDelegate.swift in Sources */ = {isa = PBXBuildFile; fileRef = 1CD6E7EA26F8004F003169B1 /* AppDelegate.swift */; };
		1CD6E7ED26F8004F003169B1 /* SceneDelegate.swift in Sources */ = {isa = PBXBuildFile; fileRef = 1CD6E7EC26F8004F003169B1 /* SceneDelegate.swift */; };
		1CD6E7EF26F8004F003169B1 /* ViewController.swift in Sources */ = {isa = PBXBuildFile; fileRef = 1CD6E7EE26F8004F003169B1 /* ViewController.swift */; };
		1CD6E7F226F8004F003169B1 /* Main.storyboard in Resources */ = {isa = PBXBuildFile; fileRef = 1CD6E7F026F8004F003169B1 /* Main.storyboard */; };
		1CD6E7F426F80051003169B1 /* Assets.xcassets in Resources */ = {isa = PBXBuildFile; fileRef = 1CD6E7F326F80051003169B1 /* Assets.xcassets */; };
		1CD6E7F726F80051003169B1 /* LaunchScreen.storyboard in Resources */ = {isa = PBXBuildFile; fileRef = 1CD6E7F526F80051003169B1 /* LaunchScreen.storyboard */; };
		1CD6E7FF26F80108003169B1 /* CryptoViewController.swift in Sources */ = {isa = PBXBuildFile; fileRef = 1CD6E7FE26F80108003169B1 /* CryptoViewController.swift */; };
		1CD6E80126F8011D003169B1 /* DataModel.swift in Sources */ = {isa = PBXBuildFile; fileRef = 1CD6E80026F8011D003169B1 /* DataModel.swift */; };
		1CD6E80326F8014F003169B1 /* Secratary.swift in Sources */ = {isa = PBXBuildFile; fileRef = 1CD6E80226F8014F003169B1 /* Secratary.swift */; };
		1CD6E80526F801A4003169B1 /* NetworkService.swift in Sources */ = {isa = PBXBuildFile; fileRef = 1CD6E80426F801A4003169B1 /* NetworkService.swift */; };
		1CD6E80726F801CF003169B1 /* Enums.swift in Sources */ = {isa = PBXBuildFile; fileRef = 1CD6E80626F801CF003169B1 /* Enums.swift */; };
/* End PBXBuildFile section */

/* Begin PBXFileReference section */
		1CD6E7E726F8004F003169B1 /* BitCoin.app */ = {isa = PBXFileReference; explicitFileType = wrapper.application; includeInIndex = 0; path = BitCoin.app; sourceTree = BUILT_PRODUCTS_DIR; };
		1CD6E7EA26F8004F003169B1 /* AppDelegate.swift */ = {isa = PBXFileReference; lastKnownFileType = sourcecode.swift; path = AppDelegate.swift; sourceTree = "<group>"; };
		1CD6E7EC26F8004F003169B1 /* SceneDelegate.swift */ = {isa = PBXFileReference; lastKnownFileType = sourcecode.swift; path = SceneDelegate.swift; sourceTree = "<group>"; };
		1CD6E7EE26F8004F003169B1 /* ViewController.swift */ = {isa = PBXFileReference; lastKnownFileType = sourcecode.swift; path = ViewController.swift; sourceTree = "<group>"; };
		1CD6E7F126F8004F003169B1 /* Base */ = {isa = PBXFileReference; lastKnownFileType = file.storyboard; name = Base; path = Base.lproj/Main.storyboard; sourceTree = "<group>"; };
		1CD6E7F326F80051003169B1 /* Assets.xcassets */ = {isa = PBXFileReference; lastKnownFileType = folder.assetcatalog; path = Assets.xcassets; sourceTree = "<group>"; };
		1CD6E7F626F80051003169B1 /* Base */ = {isa = PBXFileReference; lastKnownFileType = file.storyboard; name = Base; path = Base.lproj/LaunchScreen.storyboard; sourceTree = "<group>"; };
		1CD6E7F826F80051003169B1 /* Info.plist */ = {isa = PBXFileReference; lastKnownFileType = text.plist.xml; path = Info.plist; sourceTree = "<group>"; };
		1CD6E7FE26F80108003169B1 /* CryptoViewController.swift */ = {isa = PBXFileReference; lastKnownFileType = sourcecode.swift; path = CryptoViewController.swift; sourceTree = "<group>"; };
		1CD6E80026F8011D003169B1 /* DataModel.swift */ = {isa = PBXFileReference; lastKnownFileType = sourcecode.swift; path = DataModel.swift; sourceTree = "<group>"; };
		1CD6E80226F8014F003169B1 /* Secratary.swift */ = {isa = PBXFileReference; lastKnownFileType = sourcecode.swift; path = Secratary.swift; sourceTree = "<group>"; };
		1CD6E80426F801A4003169B1 /* NetworkService.swift */ = {isa = PBXFileReference; lastKnownFileType = sourcecode.swift; path = NetworkService.swift; sourceTree = "<group>"; };
		1CD6E80626F801CF003169B1 /* Enums.swift */ = {isa = PBXFileReference; lastKnownFileType = sourcecode.swift; path = Enums.swift; sourceTree = "<group>"; };
/* End PBXFileReference section */

/* Begin PBXFrameworksBuildPhase section */
		1CD6E7E426F8004F003169B1 /* Frameworks */ = {
			isa = PBXFrameworksBuildPhase;
			buildActionMask = 2147483647;
			files = (
			);
			runOnlyForDeploymentPostprocessing = 0;
		};
/* End PBXFrameworksBuildPhase section */

/* Begin PBXGroup section */
		1CD6E7DE26F8004F003169B1 = {
			isa = PBXGroup;
			children = (
				1CD6E7E926F8004F003169B1 /* BitCoin */,
				1CD6E7E826F8004F003169B1 /* Products */,
			);
			sourceTree = "<group>";
		};
		1CD6E7E826F8004F003169B1 /* Products */ = {
			isa = PBXGroup;
			children = (
				1CD6E7E726F8004F003169B1 /* BitCoin.app */,
			);
			name = Products;
			sourceTree = "<group>";
		};
		1CD6E7E926F8004F003169B1 /* BitCoin */ = {
			isa = PBXGroup;
			children = (
				1CD6E7EA26F8004F003169B1 /* AppDelegate.swift */,
				1CD6E7EC26F8004F003169B1 /* SceneDelegate.swift */,
				1CD6E80826F80947003169B1 /* Controllers */,
				1CD6E80926F80953003169B1 /* DataModel */,
				1CD6E80A26F8095D003169B1 /* Router */,
				1CD6E80B26F80964003169B1 /* Enums */,
				1CD6E80C26F8096A003169B1 /* View */,
				1CD6E7F326F80051003169B1 /* Assets.xcassets */,
				1CD6E7F826F80051003169B1 /* Info.plist */,
			);
			path = BitCoin;
			sourceTree = "<group>";
		};
		1CD6E80826F80947003169B1 /* Controllers */ = {
			isa = PBXGroup;
			children = (
				1CD6E7EE26F8004F003169B1 /* ViewController.swift */,
				1CD6E7FE26F80108003169B1 /* CryptoViewController.swift */,
			);
			path = Controllers;
			sourceTree = "<group>";
		};
		1CD6E80926F80953003169B1 /* DataModel */ = {
			isa = PBXGroup;
			children = (
				1CD6E80026F8011D003169B1 /* DataModel.swift */,
				1CD6E80226F8014F003169B1 /* Secratary.swift */,
			);
			path = DataModel;
			sourceTree = "<group>";
		};
		1CD6E80A26F8095D003169B1 /* Router */ = {
			isa = PBXGroup;
			children = (
				1CD6E80426F801A4003169B1 /* NetworkService.swift */,
			);
			path = Router;
			sourceTree = "<group>";
		};
		1CD6E80B26F80964003169B1 /* Enums */ = {
			isa = PBXGroup;
			children = (
				1CD6E80626F801CF003169B1 /* Enums.swift */,
			);
			path = Enums;
			sourceTree = "<group>";
		};
		1CD6E80C26F8096A003169B1 /* View */ = {
			isa = PBXGroup;
			children = (
				1CD6E7F026F8004F003169B1 /* Main.storyboard */,
				1CD6E7F526F80051003169B1 /* LaunchScreen.storyboard */,
			);
			path = View;
			sourceTree = "<group>";
		};
/* End PBXGroup section */

/* Begin PBXNativeTarget section */
		1CD6E7E626F8004F003169B1 /* BitCoin */ = {
			isa = PBXNativeTarget;
			buildConfigurationList = 1CD6E7FB26F80051003169B1 /* Build configuration list for PBXNativeTarget "BitCoin" */;
			buildPhases = (
				1CD6E7E326F8004F003169B1 /* Sources */,
				1CD6E7E426F8004F003169B1 /* Frameworks */,
				1CD6E7E526F8004F003169B1 /* Resources */,
			);
			buildRules = (
			);
			dependencies = (
			);
			name = BitCoin;
			productName = BitCoin;
			productReference = 1CD6E7E726F8004F003169B1 /* BitCoin.app */;
			productType = "com.apple.product-type.application";
		};
/* End PBXNativeTarget section */

/* Begin PBXProject section */
		1CD6E7DF26F8004F003169B1 /* Project object */ = {
			isa = PBXProject;
			attributes = {
				LastSwiftUpdateCheck = 1250;
				LastUpgradeCheck = 1250;
				TargetAttributes = {
					1CD6E7E626F8004F003169B1 = {
						CreatedOnToolsVersion = 12.5;
					};
				};
			};
			buildConfigurationList = 1CD6E7E226F8004F003169B1 /* Build configuration list for PBXProject "BitCoin" */;
			compatibilityVersion = "Xcode 9.3";
			developmentRegion = en;
			hasScannedForEncodings = 0;
			knownRegions = (
				en,
				Base,
			);
			mainGroup = 1CD6E7DE26F8004F003169B1;
			productRefGroup = 1CD6E7E826F8004F003169B1 /* Products */;
			projectDirPath = "";
			projectRoot = "";
			targets = (
				1CD6E7E626F8004F003169B1 /* BitCoin */,
			);
		};
/* End PBXProject section */

/* Begin PBXResourcesBuildPhase section */
		1CD6E7E526F8004F003169B1 /* Resources */ = {
			isa = PBXResourcesBuildPhase;
			buildActionMask = 2147483647;
			files = (
				1CD6E7F726F80051003169B1 /* LaunchScreen.storyboard in Resources */,
				1CD6E7F426F80051003169B1 /* Assets.xcassets in Resources */,
				1CD6E7F226F8004F003169B1 /* Main.storyboard in Resources */,
			);
			runOnlyForDeploymentPostprocessing = 0;
		};
/* End PBXResourcesBuildPhase section */

/* Begin PBXSourcesBuildPhase section */
		1CD6E7E326F8004F003169B1 /* Sources */ = {
			isa = PBXSourcesBuildPhase;
			buildActionMask = 2147483647;
			files = (
				1CD6E80326F8014F003169B1 /* Secratary.swift in Sources */,
				1CD6E80126F8011D003169B1 /* DataModel.swift in Sources */,
				1CD6E7EF26F8004F003169B1 /* ViewController.swift in Sources */,
				1CD6E7FF26F80108003169B1 /* CryptoViewController.swift in Sources */,
				1CD6E7EB26F8004F003169B1 /* AppDelegate.swift in Sources */,
				1CD6E7ED26F8004F003169B1 /* SceneDelegate.swift in Sources */,
				1CD6E80726F801CF003169B1 /* Enums.swift in Sources */,
				1CD6E80526F801A4003169B1 /* NetworkService.swift in Sources */,
			);
			runOnlyForDeploymentPostprocessing = 0;
		};
/* End PBXSourcesBuildPhase section */

/* Begin PBXVariantGroup section */
		1CD6E7F026F8004F003169B1 /* Main.storyboard */ = {
			isa = PBXVariantGroup;
			children = (
				1CD6E7F126F8004F003169B1 /* Base */,
			);
			name = Main.storyboard;
			sourceTree = "<group>";
		};
		1CD6E7F526F80051003169B1 /* LaunchScreen.storyboard */ = {
			isa = PBXVariantGroup;
			children = (
				1CD6E7F626F80051003169B1 /* Base */,
			);
			name = LaunchScreen.storyboard;
			sourceTree = "<group>";
		};
/* End PBXVariantGroup section */

/* Begin XCBuildConfiguration section */
		1CD6E7F926F80051003169B1 /* Debug */ = {
			isa = XCBuildConfiguration;
			buildSettings = {
				ALWAYS_SEARCH_USER_PATHS = NO;
				CLANG_ANALYZER_NONNULL = YES;
				CLANG_ANALYZER_NUMBER_OBJECT_CONVERSION = YES_AGGRESSIVE;
				CLANG_CXX_LANGUAGE_STANDARD = "gnu++14";
				CLANG_CXX_LIBRARY = "libc++";
				CLANG_ENABLE_MODULES = YES;
				CLANG_ENABLE_OBJC_ARC = YES;
				CLANG_ENABLE_OBJC_WEAK = YES;
				CLANG_WARN_BLOCK_CAPTURE_AUTORELEASING = YES;
				CLANG_WARN_BOOL_CONVERSION = YES;
				CLANG_WARN_COMMA = YES;
				CLANG_WARN_CONSTANT_CONVERSION = YES;
				CLANG_WARN_DEPRECATED_OBJC_IMPLEMENTATIONS = YES;
				CLANG_WARN_DIRECT_OBJC_ISA_USAGE = YES_ERROR;
				CLANG_WARN_DOCUMENTATION_COMMENTS = YES;
				CLANG_WARN_EMPTY_BODY = YES;
				CLANG_WARN_ENUM_CONVERSION = YES;
				CLANG_WARN_INFINITE_RECURSION = YES;
				CLANG_WARN_INT_CONVERSION = YES;
				CLANG_WARN_NON_LITERAL_NULL_CONVERSION = YES;
				CLANG_WARN_OBJC_IMPLICIT_RETAIN_SELF = YES;
				CLANG_WARN_OBJC_LITERAL_CONVERSION = YES;
				CLANG_WARN_OBJC_ROOT_CLASS = YES_ERROR;
				CLANG_WARN_QUOTED_INCLUDE_IN_FRAMEWORK_HEADER = YES;
				CLANG_WARN_RANGE_LOOP_ANALYSIS = YES;
				CLANG_WARN_STRICT_PROTOTYPES = YES;
				CLANG_WARN_SUSPICIOUS_MOVE = YES;
				CLANG_WARN_UNGUARDED_AVAILABILITY = YES_AGGRESSIVE;
				CLANG_WARN_UNREACHABLE_CODE = YES;
				CLANG_WARN__DUPLICATE_METHOD_MATCH = YES;
				COPY_PHASE_STRIP = NO;
				DEBUG_INFORMATION_FORMAT = dwarf;
				ENABLE_STRICT_OBJC_MSGSEND = YES;
				ENABLE_TESTABILITY = YES;
				GCC_C_LANGUAGE_STANDARD = gnu11;
				GCC_DYNAMIC_NO_PIC = NO;
				GCC_NO_COMMON_BLOCKS = YES;
				GCC_OPTIMIZATION_LEVEL = 0;
				GCC_PREPROCESSOR_DEFINITIONS = (
					"DEBUG=1",
					"$(inherited)",
				);
				GCC_WARN_64_TO_32_BIT_CONVERSION = YES;
				GCC_WARN_ABOUT_RETURN_TYPE = YES_ERROR;
				GCC_WARN_UNDECLARED_SELECTOR = YES;
				GCC_WARN_UNINITIALIZED_AUTOS = YES_AGGRESSIVE;
				GCC_WARN_UNUSED_FUNCTION = YES;
				GCC_WARN_UNUSED_VARIABLE = YES;
				IPHONEOS_DEPLOYMENT_TARGET = 14.5;
				MTL_ENABLE_DEBUG_INFO = INCLUDE_SOURCE;
				MTL_FAST_MATH = YES;
				ONLY_ACTIVE_ARCH = YES;
				SDKROOT = iphoneos;
				SWIFT_ACTIVE_COMPILATION_CONDITIONS = DEBUG;
				SWIFT_OPTIMIZATION_LEVEL = "-Onone";
			};
			name = Debug;
		};
		1CD6E7FA26F80051003169B1 /* Release */ = {
			isa = XCBuildConfiguration;
			buildSettings = {
				ALWAYS_SEARCH_USER_PATHS = NO;
				CLANG_ANALYZER_NONNULL = YES;
				CLANG_ANALYZER_NUMBER_OBJECT_CONVERSION = YES_AGGRESSIVE;
				CLANG_CXX_LANGUAGE_STANDARD = "gnu++14";
				CLANG_CXX_LIBRARY = "libc++";
				CLANG_ENABLE_MODULES = YES;
				CLANG_ENABLE_OBJC_ARC = YES;
				CLANG_ENABLE_OBJC_WEAK = YES;
				CLANG_WARN_BLOCK_CAPTURE_AUTORELEASING = YES;
				CLANG_WARN_BOOL_CONVERSION = YES;
				CLANG_WARN_COMMA = YES;
				CLANG_WARN_CONSTANT_CONVERSION = YES;
				CLANG_WARN_DEPRECATED_OBJC_IMPLEMENTATIONS = YES;
				CLANG_WARN_DIRECT_OBJC_ISA_USAGE = YES_ERROR;
				CLANG_WARN_DOCUMENTATION_COMMENTS = YES;
				CLANG_WARN_EMPTY_BODY = YES;
				CLANG_WARN_ENUM_CONVERSION = YES;
				CLANG_WARN_INFINITE_RECURSION = YES;
				CLANG_WARN_INT_CONVERSION = YES;
				CLANG_WARN_NON_LITERAL_NULL_CONVERSION = YES;
				CLANG_WARN_OBJC_IMPLICIT_RETAIN_SELF = YES;
				CLANG_WARN_OBJC_LITERAL_CONVERSION = YES;
				CLANG_WARN_OBJC_ROOT_CLASS = YES_ERROR;
				CLANG_WARN_QUOTED_INCLUDE_IN_FRAMEWORK_HEADER = YES;
				CLANG_WARN_RANGE_LOOP_ANALYSIS = YES;
				CLANG_WARN_STRICT_PROTOTYPES = YES;
				CLANG_WARN_SUSPICIOUS_MOVE = YES;
				CLANG_WARN_UNGUARDED_AVAILABILITY = YES_AGGRESSIVE;
				CLANG_WARN_UNREACHABLE_CODE = YES;
				CLANG_WARN__DUPLICATE_METHOD_MATCH = YES;
				COPY_PHASE_STRIP = NO;
				DEBUG_INFORMATION_FORMAT = "dwarf-with-dsym";
				ENABLE_NS_ASSERTIONS = NO;
				ENABLE_STRICT_OBJC_MSGSEND = YES;
				GCC_C_LANGUAGE_STANDARD = gnu11;
				GCC_NO_COMMON_BLOCKS = YES;
				GCC_WARN_64_TO_32_BIT_CONVERSION = YES;
				GCC_WARN_ABOUT_RETURN_TYPE = YES_ERROR;
				GCC_WARN_UNDECLARED_SELECTOR = YES;
				GCC_WARN_UNINITIALIZED_AUTOS = YES_AGGRESSIVE;
				GCC_WARN_UNUSED_FUNCTION = YES;
				GCC_WARN_UNUSED_VARIABLE = YES;
				IPHONEOS_DEPLOYMENT_TARGET = 14.5;
				MTL_ENABLE_DEBUG_INFO = NO;
				MTL_FAST_MATH = YES;
				SDKROOT = iphoneos;
				SWIFT_COMPILATION_MODE = wholemodule;
				SWIFT_OPTIMIZATION_LEVEL = "-O";
				VALIDATE_PRODUCT = YES;
			};
			name = Release;
		};
		1CD6E7FC26F80051003169B1 /* Debug */ = {
			isa = XCBuildConfiguration;
			buildSettings = {
				ASSETCATALOG_COMPILER_APPICON_NAME = AppIcon;
				ASSETCATALOG_COMPILER_GLOBAL_ACCENT_COLOR_NAME = AccentColor;
				CODE_SIGN_STYLE = Automatic;
				DEVELOPMENT_TEAM = 4KB475ZP43;
				INFOPLIST_FILE = BitCoin/Info.plist;
				LD_RUNPATH_SEARCH_PATHS = (
					"$(inherited)",
					"@executable_path/Frameworks",
				);
				PRODUCT_BUNDLE_IDENTIFIER = AppCoda.BitCoin;
				PRODUCT_NAME = "$(TARGET_NAME)";
				SWIFT_VERSION = 5.0;
				TARGETED_DEVICE_FAMILY = "1,2";
			};
			name = Debug;
		};
		1CD6E7FD26F80051003169B1 /* Release */ = {
			isa = XCBuildConfiguration;
			buildSettings = {
				ASSETCATALOG_COMPILER_APPICON_NAME = AppIcon;
				ASSETCATALOG_COMPILER_GLOBAL_ACCENT_COLOR_NAME = AccentColor;
				CODE_SIGN_STYLE = Automatic;
				DEVELOPMENT_TEAM = 4KB475ZP43;
				INFOPLIST_FILE = BitCoin/Info.plist;
				LD_RUNPATH_SEARCH_PATHS = (
					"$(inherited)",
					"@executable_path/Frameworks",
				);
				PRODUCT_BUNDLE_IDENTIFIER = AppCoda.BitCoin;
				PRODUCT_NAME = "$(TARGET_NAME)";
				SWIFT_VERSION = 5.0;
				TARGETED_DEVICE_FAMILY = "1,2";
			};
			name = Release;
		};
/* End XCBuildConfiguration section */

/* Begin XCConfigurationList section */
		1CD6E7E226F8004F003169B1 /* Build configuration list for PBXProject "BitCoin" */ = {
			isa = XCConfigurationList;
			buildConfigurations = (
				1CD6E7F926F80051003169B1 /* Debug */,
				1CD6E7FA26F80051003169B1 /* Release */,
			);
			defaultConfigurationIsVisible = 0;
			defaultConfigurationName = Release;
		};
		1CD6E7FB26F80051003169B1 /* Build configuration list for PBXNativeTarget "BitCoin" */ = {
			isa = XCConfigurationList;
			buildConfigurations = (
				1CD6E7FC26F80051003169B1 /* Debug */,
				1CD6E7FD26F80051003169B1 /* Release */,
			);
			defaultConfigurationIsVisible = 0;
			defaultConfigurationName = Release;
		};
/* End XCConfigurationList section */
	};
	rootObject = 1CD6E7DF26F8004F003169B1 /* Project object */;
}
